
Microsoft Visual Studio Solution File, Format Version 12.00
# Visual Studio 15
VisualStudioVersion = 15.0.26430.14
MinimumVisualStudioVersion = 10.0.40219.1
Project("{FAE04EC0-301F-11D3-BF4B-00C04F79EFBC}") = "CardboardFactory.Management", "CardboardFactory.Management\CardboardFactory.Management.csproj", "{6E06EEB8-4A12-4121-9D0D-D5444D023A7F}"
EndProject
Project("{FAE04EC0-301F-11D3-BF4B-00C04F79EFBC}") = "CardboardFactory.Core", "CardboardFactory.Core\CardboardFactory.Core.csproj", "{CE4796E7-06C1-4727-A6D9-0325101554DE}"
EndProject
Project("{FAE04EC0-301F-11D3-BF4B-00C04F79EFBC}") = "CardboardFactory.Core.Test", "CardboardFactory.Core.Test\CardboardFactory.Core.Test.csproj", "{1A582879-15B0-4D8C-A157-1ADC36102F47}"
EndProject
Project("{FAE04EC0-301F-11D3-BF4B-00C04F79EFBC}") = "CardboardFactory.UserControlLibrary", "CardboardFactory.UserControlLibrary\CardboardFactory.UserControlLibrary.csproj", "{7FA405E9-EA82-4B93-8385-674B9A6C21CE}"
EndProject
Project("{FAE04EC0-301F-11D3-BF4B-00C04F79EFBC}") = "CardboardFactory.ProductPriceCalculation", "CardboardFactory.ProductPriceCalculation\CardboardFactory.ProductPriceCalculation.csproj", "{4A53E2ED-0002-4E5F-BAC7-FBAED5E65907}"
EndProject
Project("{FAE04EC0-301F-11D3-BF4B-00C04F79EFBC}") = "CardboardFactory.DataAccess", "CardboardFactory.DataAccess\CardboardFactory.DataAccess.csproj", "{93C9D8F4-3778-4289-941A-487FC288874E}"
EndProject
Project("{FAE04EC0-301F-11D3-BF4B-00C04F79EFBC}") = "CardboardFactory.WpfCore", "CardboardFactory.WpfCore\CardboardFactory.WpfCore.csproj", "{F781B573-E7C3-427B-A292-B58BA59EC881}"
EndProject
Project("{FAE04EC0-301F-11D3-BF4B-00C04F79EFBC}") = "CardboardFactory.WpfCore.Test", "CardboardFactory.WpfCore.Test\CardboardFactory.WpfCore.Test.csproj", "{9CB691E2-6BA4-4559-8F3A-D6D651B62619}"
EndProject
Project("{FAE04EC0-301F-11D3-BF4B-00C04F79EFBC}") = "CardboardFactory.OrderCreation", "CardboardFactory.OrderCreation\CardboardFactory.OrderCreation.csproj", "{63C49072-4A1F-488F-844F-28A07CA89124}"
EndProject
Project("{2150E333-8FDC-42A3-9474-1A3956D46DE8}") = "Domain", "Domain", "{9192A86A-5307-474F-AFAF-52222EB97874}"
EndProject
Project("{F2A71F9B-5D33-465A-A702-920D77279786}") = "Domain.Core", "Domain.Core\Domain.Core.fsproj", "{7F06259E-CC1C-4BC4-8BB9-B9B504B5DF83}"
EndProject
Global
	GlobalSection(SolutionConfigurationPlatforms) = preSolution
		Debug|Any CPU = Debug|Any CPU
		Release|Any CPU = Release|Any CPU
	EndGlobalSection
	GlobalSection(ProjectConfigurationPlatforms) = postSolution
		{6E06EEB8-4A12-4121-9D0D-D5444D023A7F}.Debug|Any CPU.ActiveCfg = Debug|Any CPU
		{6E06EEB8-4A12-4121-9D0D-D5444D023A7F}.Debug|Any CPU.Build.0 = Debug|Any CPU
		{6E06EEB8-4A12-4121-9D0D-D5444D023A7F}.Release|Any CPU.ActiveCfg = Release|Any CPU
		{6E06EEB8-4A12-4121-9D0D-D5444D023A7F}.Release|Any CPU.Build.0 = Release|Any CPU
		{CE4796E7-06C1-4727-A6D9-0325101554DE}.Debug|Any CPU.ActiveCfg = Debug|Any CPU
		{CE4796E7-06C1-4727-A6D9-0325101554DE}.Debug|Any CPU.Build.0 = Debug|Any CPU
		{CE4796E7-06C1-4727-A6D9-0325101554DE}.Release|Any CPU.ActiveCfg = Release|Any CPU
		{CE4796E7-06C1-4727-A6D9-0325101554DE}.Release|Any CPU.Build.0 = Release|Any CPU
		{1A582879-15B0-4D8C-A157-1ADC36102F47}.Debug|Any CPU.ActiveCfg = Debug|Any CPU
		{1A582879-15B0-4D8C-A157-1ADC36102F47}.Debug|Any CPU.Build.0 = Debug|Any CPU
		{1A582879-15B0-4D8C-A157-1ADC36102F47}.Release|Any CPU.ActiveCfg = Release|Any CPU
		{1A582879-15B0-4D8C-A157-1ADC36102F47}.Release|Any CPU.Build.0 = Release|Any CPU
		{7FA405E9-EA82-4B93-8385-674B9A6C21CE}.Debug|Any CPU.ActiveCfg = Debug|Any CPU
		{7FA405E9-EA82-4B93-8385-674B9A6C21CE}.Debug|Any CPU.Build.0 = Debug|Any CPU
		{7FA405E9-EA82-4B93-8385-674B9A6C21CE}.Release|Any CPU.ActiveCfg = Release|Any CPU
		{7FA405E9-EA82-4B93-8385-674B9A6C21CE}.Release|Any CPU.Build.0 = Release|Any CPU
		{4A53E2ED-0002-4E5F-BAC7-FBAED5E65907}.Debug|Any CPU.ActiveCfg = Debug|Any CPU
		{4A53E2ED-0002-4E5F-BAC7-FBAED5E65907}.Debug|Any CPU.Build.0 = Debug|Any CPU
		{4A53E2ED-0002-4E5F-BAC7-FBAED5E65907}.Release|Any CPU.ActiveCfg = Release|Any CPU
		{4A53E2ED-0002-4E5F-BAC7-FBAED5E65907}.Release|Any CPU.Build.0 = Release|Any CPU
		{93C9D8F4-3778-4289-941A-487FC288874E}.Debug|Any CPU.ActiveCfg = Debug|Any CPU
		{93C9D8F4-3778-4289-941A-487FC288874E}.Debug|Any CPU.Build.0 = Debug|Any CPU
		{93C9D8F4-3778-4289-941A-487FC288874E}.Release|Any CPU.ActiveCfg = Release|Any CPU
		{93C9D8F4-3778-4289-941A-487FC288874E}.Release|Any CPU.Build.0 = Release|Any CPU
		{F781B573-E7C3-427B-A292-B58BA59EC881}.Debug|Any CPU.ActiveCfg = Debug|Any CPU
		{F781B573-E7C3-427B-A292-B58BA59EC881}.Debug|Any CPU.Build.0 = Debug|Any CPU
		{F781B573-E7C3-427B-A292-B58BA59EC881}.Release|Any CPU.ActiveCfg = Release|Any CPU
		{F781B573-E7C3-427B-A292-B58BA59EC881}.Release|Any CPU.Build.0 = Release|Any CPU
		{9CB691E2-6BA4-4559-8F3A-D6D651B62619}.Debug|Any CPU.ActiveCfg = Debug|Any CPU
		{9CB691E2-6BA4-4559-8F3A-D6D651B62619}.Debug|Any CPU.Build.0 = Debug|Any CPU
		{9CB691E2-6BA4-4559-8F3A-D6D651B62619}.Release|Any CPU.ActiveCfg = Release|Any CPU
		{9CB691E2-6BA4-4559-8F3A-D6D651B62619}.Release|Any CPU.Build.0 = Release|Any CPU
		{63C49072-4A1F-488F-844F-28A07CA89124}.Debug|Any CPU.ActiveCfg = Debug|Any CPU
		{63C49072-4A1F-488F-844F-28A07CA89124}.Debug|Any CPU.Build.0 = Debug|Any CPU
		{63C49072-4A1F-488F-844F-28A07CA89124}.Release|Any CPU.ActiveCfg = Release|Any CPU
		{63C49072-4A1F-488F-844F-28A07CA89124}.Release|Any CPU.Build.0 = Release|Any CPU
		{7F06259E-CC1C-4BC4-8BB9-B9B504B5DF83}.Debug|Any CPU.ActiveCfg = Debug|Any CPU
		{7F06259E-CC1C-4BC4-8BB9-B9B504B5DF83}.Debug|Any CPU.Build.0 = Debug|Any CPU
		{7F06259E-CC1C-4BC4-8BB9-B9B504B5DF83}.Release|Any CPU.ActiveCfg = Release|Any CPU
		{7F06259E-CC1C-4BC4-8BB9-B9B504B5DF83}.Release|Any CPU.Build.0 = Release|Any CPU
	EndGlobalSection
	GlobalSection(SolutionProperties) = preSolution
		HideSolutionNode = FALSE
	EndGlobalSection
	GlobalSection(NestedProjects) = preSolution
		{7F06259E-CC1C-4BC4-8BB9-B9B504B5DF83} = {9192A86A-5307-474F-AFAF-52222EB97874}
	EndGlobalSection
EndGlobal
