
Microsoft Visual Studio Solution File, Format Version 12.00
# Visual Studio 15
VisualStudioVersion = 15.0.26430.14
MinimumVisualStudioVersion = 10.0.40219.1
Project("{FAE04EC0-301F-11D3-BF4B-00C04F79EFBC}") = "CardboardFactory.Core", "CardboardFactory.Core\CardboardFactory.Core.csproj", "{CE4796E7-06C1-4727-A6D9-0325101554DE}"
EndProject
Project("{FAE04EC0-301F-11D3-BF4B-00C04F79EFBC}") = "CardboardFactory.Core.Test", "CardboardFactory.Core.Test\CardboardFactory.Core.Test.csproj", "{1A582879-15B0-4D8C-A157-1ADC36102F47}"
EndProject
Project("{FAE04EC0-301F-11D3-BF4B-00C04F79EFBC}") = "CardboardFactory.DataAccess", "CardboardFactory.DataAccess\CardboardFactory.DataAccess.csproj", "{93C9D8F4-3778-4289-941A-487FC288874E}"
EndProject
Global
	GlobalSection(SolutionConfigurationPlatforms) = preSolution
		Debug|Any CPU = Debug|Any CPU
		Release|Any CPU = Release|Any CPU
	EndGlobalSection
	GlobalSection(ProjectConfigurationPlatforms) = postSolution
		{CE4796E7-06C1-4727-A6D9-0325101554DE}.Debug|Any CPU.ActiveCfg = Debug|Any CPU
		{CE4796E7-06C1-4727-A6D9-0325101554DE}.Debug|Any CPU.Build.0 = Debug|Any CPU
		{CE4796E7-06C1-4727-A6D9-0325101554DE}.Release|Any CPU.ActiveCfg = Release|Any CPU
		{CE4796E7-06C1-4727-A6D9-0325101554DE}.Release|Any CPU.Build.0 = Release|Any CPU
		{1A582879-15B0-4D8C-A157-1ADC36102F47}.Debug|Any CPU.ActiveCfg = Debug|Any CPU
		{1A582879-15B0-4D8C-A157-1ADC36102F47}.Debug|Any CPU.Build.0 = Debug|Any CPU
		{1A582879-15B0-4D8C-A157-1ADC36102F47}.Release|Any CPU.ActiveCfg = Release|Any CPU
		{1A582879-15B0-4D8C-A157-1ADC36102F47}.Release|Any CPU.Build.0 = Release|Any CPU
		{93C9D8F4-3778-4289-941A-487FC288874E}.Debug|Any CPU.ActiveCfg = Debug|Any CPU
		{93C9D8F4-3778-4289-941A-487FC288874E}.Debug|Any CPU.Build.0 = Debug|Any CPU
		{93C9D8F4-3778-4289-941A-487FC288874E}.Release|Any CPU.ActiveCfg = Release|Any CPU
		{93C9D8F4-3778-4289-941A-487FC288874E}.Release|Any CPU.Build.0 = Release|Any CPU
	EndGlobalSection
	GlobalSection(SolutionProperties) = preSolution
		HideSolutionNode = FALSE
	EndGlobalSection
EndGlobal
